
Microsoft Visual Studio Solution File, Format Version 11.00
# Visual Studio 2010
Project("{F184B08F-C81C-45F6-A57F-5ABD9991F28F}") = "CafeOrder", "CafeOrder\CafeOrder.vbproj", "{79028A23-AC5B-4122-8253-7722DA730C5D}"
EndProject
Global
	GlobalSection(SolutionConfigurationPlatforms) = preSolution
		Debug|x86 = Debug|x86
		Release|x86 = Release|x86
	EndGlobalSection
	GlobalSection(ProjectConfigurationPlatforms) = postSolution
		{79028A23-AC5B-4122-8253-7722DA730C5D}.Debug|x86.ActiveCfg = Debug|x86
		{79028A23-AC5B-4122-8253-7722DA730C5D}.Debug|x86.Build.0 = Debug|x86
		{79028A23-AC5B-4122-8253-7722DA730C5D}.Release|x86.ActiveCfg = Release|x86
		{79028A23-AC5B-4122-8253-7722DA730C5D}.Release|x86.Build.0 = Release|x86
	EndGlobalSection
	GlobalSection(SolutionProperties) = preSolution
		HideSolutionNode = FALSE
	EndGlobalSection
EndGlobal
